SOURCE_REPOSITORY=/Users/perottochristensen/github/spk-.agents
SOURCE_COMMIT=ca021d8f8dfcd1171ff069ebd39fcef173ffa370
TEMPLATE_VERSION=1
QUALITY_AUDIT_SHA256=45787c231a0f07f27093824b19685aee4fb4cab5159cdb7864834b79fbc9cee9
AUDIT_REPORT_TEMPLATE_SHA256=3138b45cd2ad3f3e396ad3c5ea1325130619d6d2c61c2d2c64db262035c0f07d
